
Microsoft Visual Studio Solution File, Format Version 12.00
# Visual Studio Version 17
VisualStudioVersion = 17.6.33829.357
MinimumVisualStudioVersion = 10.0.40219.1
Project("{FAE04EC0-301F-11D3-BF4B-00C04F79EFBC}") = "TaskHub", "TaskHub.csproj", "{8C8F1302-9171-4E7E-91F7-8BCEAA85783D}"
EndProject
Global
	GlobalSection(SolutionConfigurationPlatforms) = preSolution
		Debug|Any CPU = Debug|Any CPU
		Release|Any CPU = Release|Any CPU
	EndGlobalSection
	GlobalSection(ProjectConfigurationPlatforms) = postSolution
		{8C8F1302-9171-4E7E-91F7-8BCEAA85783D}.Debug|Any CPU.ActiveCfg = Debug|Any CPU
		{8C8F1302-9171-4E7E-91F7-8BCEAA85783D}.Debug|Any CPU.Build.0 = Debug|Any CPU
		{8C8F1302-9171-4E7E-91F7-8BCEAA85783D}.Release|Any CPU.ActiveCfg = Release|Any CPU
		{8C8F1302-9171-4E7E-91F7-8BCEAA85783D}.Release|Any CPU.Build.0 = Release|Any CPU
	EndGlobalSection
	GlobalSection(SolutionProperties) = preSolution
		HideSolutionNode = FALSE
	EndGlobalSection
	GlobalSection(ExtensibilityGlobals) = postSolution
		SolutionGuid = {772CE3C9-64E7-4F11-BF57-F41680878ED2}
	EndGlobalSection
EndGlobal
